
Microsoft Visual Studio Solution File, Format Version 12.00
# Visual Studio Version 16
VisualStudioVersion = 16.0.30907.101
MinimumVisualStudioVersion = 10.0.40219.1
Project("{FAE04EC0-301F-11D3-BF4B-00C04F79EFBC}") = "ConsoleApp14", "ConsoleApp14\ConsoleApp14.csproj", "{C583B4A6-8368-4489-B16E-7DD871B21C7E}"
EndProject
Global
	GlobalSection(SolutionConfigurationPlatforms) = preSolution
		Debug|Any CPU = Debug|Any CPU
		Release|Any CPU = Release|Any CPU
	EndGlobalSection
	GlobalSection(ProjectConfigurationPlatforms) = postSolution
		{C583B4A6-8368-4489-B16E-7DD871B21C7E}.Debug|Any CPU.ActiveCfg = Debug|Any CPU
		{C583B4A6-8368-4489-B16E-7DD871B21C7E}.Debug|Any CPU.Build.0 = Debug|Any CPU
		{C583B4A6-8368-4489-B16E-7DD871B21C7E}.Release|Any CPU.ActiveCfg = Release|Any CPU
		{C583B4A6-8368-4489-B16E-7DD871B21C7E}.Release|Any CPU.Build.0 = Release|Any CPU
	EndGlobalSection
	GlobalSection(SolutionProperties) = preSolution
		HideSolutionNode = FALSE
	EndGlobalSection
	GlobalSection(ExtensibilityGlobals) = postSolution
		SolutionGuid = {6F2B6F89-0AA3-44F0-8AEA-A73A7A1E0FB6}
	EndGlobalSection
EndGlobal
